<?xml version="1.0" encoding="utf-8"?>
<Project ToolsVersion="4.0" xmlns="http://schemas.microsoft.com/developer/msbuild/2003">
  <ItemGroup>
    <Filter Include="Source Files">
      <UniqueIdentifier>{4FC737F1-C7A5-4376-A066-2A32D752A2FF}</UniqueIdentifier>
      <Extensions>cpp;c;cc;cxx;def;odl;idl;hpj;bat;asm;asmx</Extensions>
    </Filter>
    <Filter Include="Header Files">
      <UniqueIdentifier>{93995380-89BD-4b04-88EB-625FBE52EBFB}</UniqueIdentifier>
      <Extensions>h;hpp;hxx;hm;inl;inc;xsd</Extensions>
    </Filter>
    <Filter Include="Resource Files">
      <UniqueIdentifier>{67DA6AB6-F800-4c08-8B7A-83BB121AAD01}</UniqueIdentifier>
      <Extensions>rc;ico;cur;bmp;dlg;rc2;rct;bin;rgs;gif;jpg;jpeg;jpe;resx;tiff;tif;png;wav;mfcribbon-ms</Extensions>
    </Filter>
  </ItemGroup>
  <ItemGroup>
    <None Include="GinaExports.def">
      <Filter>Source Files</Filter>
    </None>
    <None Include="pginalogo.bmp">
      <Filter>Resource Files</Filter>
    </None>
  </ItemGroup>
  <ItemGroup>
    <ClCompile Include="Dll.cpp">
      <Filter>Source Files</Filter>
    </ClCompile>
    <ClCompile Include="GinaExports.cpp">
      <Filter>Source Files</Filter>
    </ClCompile>
    <ClCompile Include="Winlogon.cpp">
      <Filter>Source Files</Filter>
    </ClCompile>
    <ClCompile Include="Gina.cpp">
      <Filter>Source Files</Filter>
    </ClCompile>
    <ClCompile Include="WinlogonReal.cpp">
      <Filter>Source Files</Filter>
    </ClCompile>
    <ClCompile Include="WinlogonDebug.cpp">
      <Filter>Source Files</Filter>
    </ClCompile>
    <ClCompile Include="GinaChain.cpp">
      <Filter>Source Files</Filter>
    </ClCompile>
    <ClCompile Include="WinlogonRouter.cpp">
      <Filter>Source Files</Filter>
    </ClCompile>
    <ClCompile Include="GinaWrapper.cpp">
      <Filter>Source Files</Filter>
    </ClCompile>
    <ClCompile Include="DialogBase.cpp">
      <Filter>Source Files</Filter>
    </ClCompile>
    <ClCompile Include="DialogLoggedOutSAS.cpp">
      <Filter>Source Files</Filter>
    </ClCompile>
    <ClCompile Include="HookedLoggedOutSAS.cpp">
      <Filter>Source Files</Filter>
    </ClCompile>
    <ClCompile Include="Themes.cpp">
      <Filter>Source Files</Filter>
    </ClCompile>
  </ItemGroup>
  <ItemGroup>
    <ClInclude Include="Dll.h">
      <Filter>Header Files</Filter>
    </ClInclude>
    <ClInclude Include="Gina.h">
      <Filter>Header Files</Filter>
    </ClInclude>
    <ClInclude Include="Winlogon.h">
      <Filter>Header Files</Filter>
    </ClInclude>
    <ClInclude Include="WinlogonReal.h">
      <Filter>Header Files</Filter>
    </ClInclude>
    <ClInclude Include="WinlogonDebug.h">
      <Filter>Header Files</Filter>
    </ClInclude>
    <ClInclude Include="GinaChain.h">
      <Filter>Header Files</Filter>
    </ClInclude>
    <ClInclude Include="WinlogonRouter.h">
      <Filter>Header Files</Filter>
    </ClInclude>
    <ClInclude Include="WinlogonProxy.h">
      <Filter>Header Files</Filter>
    </ClInclude>
    <ClInclude Include="GinaWrapper.h">
      <Filter>Header Files</Filter>
    </ClInclude>
    <ClInclude Include="resource.h">
      <Filter>Header Files</Filter>
    </ClInclude>
    <ClInclude Include="DialogBase.h">
      <Filter>Header Files</Filter>
    </ClInclude>
    <ClInclude Include="DialogLoggedOutSAS.h">
      <Filter>Header Files</Filter>
    </ClInclude>
    <ClInclude Include="HookedLoggedOutSAS.h">
      <Filter>Header Files</Filter>
    </ClInclude>
    <ClInclude Include="Themes.h">
      <Filter>Header Files</Filter>
    </ClInclude>
  </ItemGroup>
  <ItemGroup>
    <ResourceCompile Include="Gina.rc">
      <Filter>Resource Files</Filter>
    </ResourceCompile>
  </ItemGroup>
</Project>