
Microsoft Visual Studio Solution File, Format Version 11.00
# Visual Studio 2010
Project("{FAE04EC0-301F-11D3-BF4B-00C04F79EFBC}") = "SSHAuth", "SSHAuth\SSHAuth.csproj", "{467F6B77-E4FE-47AB-BA14-4520C82EE3EF}"
EndProject
Global
	GlobalSection(SolutionConfigurationPlatforms) = preSolution
		Debug|Any CPU = Debug|Any CPU
		Release|Any CPU = Release|Any CPU
	EndGlobalSection
	GlobalSection(ProjectConfigurationPlatforms) = postSolution
		{467F6B77-E4FE-47AB-BA14-4520C82EE3EF}.Debug|Any CPU.ActiveCfg = Debug|Any CPU
		{467F6B77-E4FE-47AB-BA14-4520C82EE3EF}.Debug|Any CPU.Build.0 = Debug|Any CPU
		{467F6B77-E4FE-47AB-BA14-4520C82EE3EF}.Release|Any CPU.ActiveCfg = Release|Any CPU
		{467F6B77-E4FE-47AB-BA14-4520C82EE3EF}.Release|Any CPU.Build.0 = Release|Any CPU
	EndGlobalSection
	GlobalSection(SolutionProperties) = preSolution
		HideSolutionNode = FALSE
	EndGlobalSection
EndGlobal
