
Microsoft Visual Studio Solution File, Format Version 11.00
# Visual Studio 2010
Project("{FAE04EC0-301F-11D3-BF4B-00C04F79EFBC}") = "Ldap", "Ldap\Ldap.csproj", "{01377220-0645-411E-BB1B-C5F4BA21D731}"
EndProject
Project("{FAE04EC0-301F-11D3-BF4B-00C04F79EFBC}") = "Tests", "Tests\Tests.csproj", "{2FCCB288-F6BB-484A-9681-D3864BD05F60}"
EndProject
Project("{FAE04EC0-301F-11D3-BF4B-00C04F79EFBC}") = "LdapTests", "LdapTests\LdapTests.csproj", "{D48E4857-D4EB-4140-8F7D-D73C4713CCF0}"
EndProject
Global
	GlobalSection(SolutionConfigurationPlatforms) = preSolution
		Debug|Any CPU = Debug|Any CPU
		Release|Any CPU = Release|Any CPU
	EndGlobalSection
	GlobalSection(ProjectConfigurationPlatforms) = postSolution
		{01377220-0645-411E-BB1B-C5F4BA21D731}.Debug|Any CPU.ActiveCfg = Debug|Any CPU
		{01377220-0645-411E-BB1B-C5F4BA21D731}.Debug|Any CPU.Build.0 = Debug|Any CPU
		{01377220-0645-411E-BB1B-C5F4BA21D731}.Release|Any CPU.ActiveCfg = Release|Any CPU
		{01377220-0645-411E-BB1B-C5F4BA21D731}.Release|Any CPU.Build.0 = Release|Any CPU
		{2FCCB288-F6BB-484A-9681-D3864BD05F60}.Debug|Any CPU.ActiveCfg = Debug|Any CPU
		{2FCCB288-F6BB-484A-9681-D3864BD05F60}.Debug|Any CPU.Build.0 = Debug|Any CPU
		{2FCCB288-F6BB-484A-9681-D3864BD05F60}.Release|Any CPU.ActiveCfg = Release|Any CPU
		{2FCCB288-F6BB-484A-9681-D3864BD05F60}.Release|Any CPU.Build.0 = Release|Any CPU
		{D48E4857-D4EB-4140-8F7D-D73C4713CCF0}.Debug|Any CPU.ActiveCfg = Debug|Any CPU
		{D48E4857-D4EB-4140-8F7D-D73C4713CCF0}.Debug|Any CPU.Build.0 = Debug|Any CPU
		{D48E4857-D4EB-4140-8F7D-D73C4713CCF0}.Release|Any CPU.ActiveCfg = Release|Any CPU
		{D48E4857-D4EB-4140-8F7D-D73C4713CCF0}.Release|Any CPU.Build.0 = Release|Any CPU
	EndGlobalSection
	GlobalSection(SolutionProperties) = preSolution
		HideSolutionNode = FALSE
	EndGlobalSection
EndGlobal
