
Microsoft Visual Studio Solution File, Format Version 11.00
# Visual Studio 2010
Project("{2150E333-8FDC-42A3-9474-1A3956D46DE8}") = "Libraries", "Libraries", "{17397585-296A-4800-A29D-8F8DD53E9202}"
EndProject
Project("{FAE04EC0-301F-11D3-BF4B-00C04F79EFBC}") = "Core", "Core\Core.csproj", "{56387F00-81DB-4449-93DD-7B8C4B44A725}"
EndProject
Project("{FAE04EC0-301F-11D3-BF4B-00C04F79EFBC}") = "Shared", "Shared\Shared.csproj", "{0EEFBC3F-4DFD-42F6-888E-1A28F4EFEFE3}"
EndProject
Project("{2150E333-8FDC-42A3-9474-1A3956D46DE8}") = "Tests", "Tests", "{E8A74196-15C9-4AD3-B25F-4B4F1BE342A4}"
EndProject
Project("{2150E333-8FDC-42A3-9474-1A3956D46DE8}") = "Service", "Service", "{9251E6A0-BA2A-4620-B232-65E671B770E2}"
EndProject
Project("{2150E333-8FDC-42A3-9474-1A3956D46DE8}") = "Managed", "Managed", "{B0F20499-A7AA-48B3-A8CE-EBB504C55BEB}"
EndProject
Project("{2150E333-8FDC-42A3-9474-1A3956D46DE8}") = "Native", "Native", "{809FD8BD-33D9-49B4-9644-0285A672CB76}"
EndProject
Project("{2150E333-8FDC-42A3-9474-1A3956D46DE8}") = "UI", "UI", "{310421A9-046B-4B3D-88AE-0FDD9813EAF2}"
EndProject
Project("{FAE04EC0-301F-11D3-BF4B-00C04F79EFBC}") = "Impl", "Service\Impl\Impl.csproj", "{62A03CD6-356A-491F-A0A5-781C7649DA1C}"
EndProject
Project("{FAE04EC0-301F-11D3-BF4B-00C04F79EFBC}") = "Console", "Service\Console\Console.csproj", "{C789A79B-3500-489B-A13B-3C075B658CE2}"
EndProject
Project("{2150E333-8FDC-42A3-9474-1A3956D46DE8}") = "Credential Provider", "Credential Provider", "{261D9DA5-DCB5-4BD0-A5B9-3C51A6E00087}"
EndProject
Project("{2150E333-8FDC-42A3-9474-1A3956D46DE8}") = "Gina", "Gina", "{08267E76-790C-46E0-88C4-E5D0ACE74302}"
EndProject
Project("{8BC9CEB8-8B4A-11D0-8D11-00A0C91BC942}") = "Lib", "Lib\Lib.vcxproj", "{67E7117F-1F42-4B2C-B2F9-7457C04F1240}"
EndProject
Project("{FAE04EC0-301F-11D3-BF4B-00C04F79EFBC}") = "Configuration", "Configuration\Configuration.csproj", "{66F49B5E-B754-44F8-97DE-80CDE1CD9A23}"
EndProject
Project("{FAE04EC0-301F-11D3-BF4B-00C04F79EFBC}") = "Abstractions", "Abstractions\Abstractions.csproj", "{3E914BA5-74D4-4487-82DA-FFD7F7929363}"
EndProject
Project("{FAE04EC0-301F-11D3-BF4B-00C04F79EFBC}") = "Service", "Service\Service\Service.csproj", "{F849E505-2687-4D1E-9790-034A31340688}"
EndProject
Project("{8BC9CEB8-8B4A-11D0-8D11-00A0C91BC942}") = "NativeLibTest", "Tests\NativeLibTest\NativeLibTest.vcxproj", "{FF5B12FA-22AD-47AA-8A33-9B27A883904F}"
	ProjectSection(ProjectDependencies) = postProject
		{67E7117F-1F42-4B2C-B2F9-7457C04F1240} = {67E7117F-1F42-4B2C-B2F9-7457C04F1240}
	EndProjectSection
EndProject
Project("{8BC9CEB8-8B4A-11D0-8D11-00A0C91BC942}") = "CredentialProvider", "CredentialProvider\CredentialProvider.vcxproj", "{F2DA37EE-A147-4A33-9CFC-4E72649259F0}"
	ProjectSection(ProjectDependencies) = postProject
		{67E7117F-1F42-4B2C-B2F9-7457C04F1240} = {67E7117F-1F42-4B2C-B2F9-7457C04F1240}
	EndProjectSection
EndProject
Project("{FAE04EC0-301F-11D3-BF4B-00C04F79EFBC}") = "CredentialProviderRegistration", "CredentialProviderRegistration\CredentialProviderRegistration.csproj", "{89DCB118-E440-4565-A103-69FE6EAF2B68}"
EndProject
Project("{8BC9CEB8-8B4A-11D0-8D11-00A0C91BC942}") = "Gina", "Gina\Gina\Gina.vcxproj", "{24C3DAD2-BD6B-4ECC-96EE-049B6A4CEF55}"
	ProjectSection(ProjectDependencies) = postProject
		{FF5B12FA-22AD-47AA-8A33-9B27A883904F} = {FF5B12FA-22AD-47AA-8A33-9B27A883904F}
	EndProjectSection
EndProject
Project("{8BC9CEB8-8B4A-11D0-8D11-00A0C91BC942}") = "FakeWinlogon", "Tests\FakeWinlogon\FakeWinlogon.vcxproj", "{BF2FB9A8-E29B-48DC-98EE-9362319BF3E1}"
	ProjectSection(ProjectDependencies) = postProject
		{24C3DAD2-BD6B-4ECC-96EE-049B6A4CEF55} = {24C3DAD2-BD6B-4ECC-96EE-049B6A4CEF55}
	EndProjectSection
EndProject
Project("{2150E333-8FDC-42A3-9474-1A3956D46DE8}") = "InstallUtility", "InstallUtility", "{71DC20C4-B3F2-4356-8342-13478676195C}"
EndProject
Project("{FAE04EC0-301F-11D3-BF4B-00C04F79EFBC}") = "InstallUtil", "InstallUtility\InstallUtil.csproj", "{5F265440-93C2-454C-A3DD-19A027FD0C48}"
EndProject
Global
	GlobalSection(SolutionConfigurationPlatforms) = preSolution
		Debug|Any CPU = Debug|Any CPU
		Debug|Mixed Platforms = Debug|Mixed Platforms
		Debug|Win32 = Debug|Win32
		Debug|x64 = Debug|x64
		Debug|x86 = Debug|x86
		Release|Any CPU = Release|Any CPU
		Release|Mixed Platforms = Release|Mixed Platforms
		Release|Win32 = Release|Win32
		Release|x64 = Release|x64
		Release|x86 = Release|x86
	EndGlobalSection
	GlobalSection(ProjectConfigurationPlatforms) = postSolution
		{56387F00-81DB-4449-93DD-7B8C4B44A725}.Debug|Any CPU.ActiveCfg = Debug|Any CPU
		{56387F00-81DB-4449-93DD-7B8C4B44A725}.Debug|Any CPU.Build.0 = Debug|Any CPU
		{56387F00-81DB-4449-93DD-7B8C4B44A725}.Debug|Mixed Platforms.ActiveCfg = Debug|Any CPU
		{56387F00-81DB-4449-93DD-7B8C4B44A725}.Debug|Mixed Platforms.Build.0 = Debug|Any CPU
		{56387F00-81DB-4449-93DD-7B8C4B44A725}.Debug|Win32.ActiveCfg = Debug|Any CPU
		{56387F00-81DB-4449-93DD-7B8C4B44A725}.Debug|Win32.Build.0 = Debug|Any CPU
		{56387F00-81DB-4449-93DD-7B8C4B44A725}.Debug|x64.ActiveCfg = Debug|Any CPU
		{56387F00-81DB-4449-93DD-7B8C4B44A725}.Debug|x64.Build.0 = Debug|Any CPU
		{56387F00-81DB-4449-93DD-7B8C4B44A725}.Debug|x86.ActiveCfg = Debug|Any CPU
		{56387F00-81DB-4449-93DD-7B8C4B44A725}.Debug|x86.Build.0 = Debug|Any CPU
		{56387F00-81DB-4449-93DD-7B8C4B44A725}.Release|Any CPU.ActiveCfg = Release|Any CPU
		{56387F00-81DB-4449-93DD-7B8C4B44A725}.Release|Any CPU.Build.0 = Release|Any CPU
		{56387F00-81DB-4449-93DD-7B8C4B44A725}.Release|Mixed Platforms.ActiveCfg = Release|Any CPU
		{56387F00-81DB-4449-93DD-7B8C4B44A725}.Release|Mixed Platforms.Build.0 = Release|Any CPU
		{56387F00-81DB-4449-93DD-7B8C4B44A725}.Release|Win32.ActiveCfg = Release|Any CPU
		{56387F00-81DB-4449-93DD-7B8C4B44A725}.Release|Win32.Build.0 = Release|Any CPU
		{56387F00-81DB-4449-93DD-7B8C4B44A725}.Release|x64.ActiveCfg = Release|Any CPU
		{56387F00-81DB-4449-93DD-7B8C4B44A725}.Release|x64.Build.0 = Release|Any CPU
		{56387F00-81DB-4449-93DD-7B8C4B44A725}.Release|x86.ActiveCfg = Release|Any CPU
		{56387F00-81DB-4449-93DD-7B8C4B44A725}.Release|x86.Build.0 = Release|Any CPU
		{0EEFBC3F-4DFD-42F6-888E-1A28F4EFEFE3}.Debug|Any CPU.ActiveCfg = Debug|Any CPU
		{0EEFBC3F-4DFD-42F6-888E-1A28F4EFEFE3}.Debug|Any CPU.Build.0 = Debug|Any CPU
		{0EEFBC3F-4DFD-42F6-888E-1A28F4EFEFE3}.Debug|Mixed Platforms.ActiveCfg = Debug|Any CPU
		{0EEFBC3F-4DFD-42F6-888E-1A28F4EFEFE3}.Debug|Mixed Platforms.Build.0 = Debug|Any CPU
		{0EEFBC3F-4DFD-42F6-888E-1A28F4EFEFE3}.Debug|Win32.ActiveCfg = Debug|Any CPU
		{0EEFBC3F-4DFD-42F6-888E-1A28F4EFEFE3}.Debug|Win32.Build.0 = Debug|Any CPU
		{0EEFBC3F-4DFD-42F6-888E-1A28F4EFEFE3}.Debug|x64.ActiveCfg = Debug|Any CPU
		{0EEFBC3F-4DFD-42F6-888E-1A28F4EFEFE3}.Debug|x64.Build.0 = Debug|Any CPU
		{0EEFBC3F-4DFD-42F6-888E-1A28F4EFEFE3}.Debug|x86.ActiveCfg = Debug|Any CPU
		{0EEFBC3F-4DFD-42F6-888E-1A28F4EFEFE3}.Debug|x86.Build.0 = Debug|Any CPU
		{0EEFBC3F-4DFD-42F6-888E-1A28F4EFEFE3}.Release|Any CPU.ActiveCfg = Release|Any CPU
		{0EEFBC3F-4DFD-42F6-888E-1A28F4EFEFE3}.Release|Any CPU.Build.0 = Release|Any CPU
		{0EEFBC3F-4DFD-42F6-888E-1A28F4EFEFE3}.Release|Mixed Platforms.ActiveCfg = Release|Any CPU
		{0EEFBC3F-4DFD-42F6-888E-1A28F4EFEFE3}.Release|Mixed Platforms.Build.0 = Release|Any CPU
		{0EEFBC3F-4DFD-42F6-888E-1A28F4EFEFE3}.Release|Win32.ActiveCfg = Release|Any CPU
		{0EEFBC3F-4DFD-42F6-888E-1A28F4EFEFE3}.Release|Win32.Build.0 = Release|Any CPU
		{0EEFBC3F-4DFD-42F6-888E-1A28F4EFEFE3}.Release|x64.ActiveCfg = Release|Any CPU
		{0EEFBC3F-4DFD-42F6-888E-1A28F4EFEFE3}.Release|x64.Build.0 = Release|Any CPU
		{0EEFBC3F-4DFD-42F6-888E-1A28F4EFEFE3}.Release|x86.ActiveCfg = Release|Any CPU
		{0EEFBC3F-4DFD-42F6-888E-1A28F4EFEFE3}.Release|x86.Build.0 = Release|Any CPU
		{62A03CD6-356A-491F-A0A5-781C7649DA1C}.Debug|Any CPU.ActiveCfg = Debug|Any CPU
		{62A03CD6-356A-491F-A0A5-781C7649DA1C}.Debug|Any CPU.Build.0 = Debug|Any CPU
		{62A03CD6-356A-491F-A0A5-781C7649DA1C}.Debug|Mixed Platforms.ActiveCfg = Debug|Any CPU
		{62A03CD6-356A-491F-A0A5-781C7649DA1C}.Debug|Mixed Platforms.Build.0 = Debug|Any CPU
		{62A03CD6-356A-491F-A0A5-781C7649DA1C}.Debug|Win32.ActiveCfg = Debug|Any CPU
		{62A03CD6-356A-491F-A0A5-781C7649DA1C}.Debug|Win32.Build.0 = Debug|Any CPU
		{62A03CD6-356A-491F-A0A5-781C7649DA1C}.Debug|x64.ActiveCfg = Debug|Any CPU
		{62A03CD6-356A-491F-A0A5-781C7649DA1C}.Debug|x64.Build.0 = Debug|Any CPU
		{62A03CD6-356A-491F-A0A5-781C7649DA1C}.Debug|x86.ActiveCfg = Debug|Any CPU
		{62A03CD6-356A-491F-A0A5-781C7649DA1C}.Debug|x86.Build.0 = Debug|Any CPU
		{62A03CD6-356A-491F-A0A5-781C7649DA1C}.Release|Any CPU.ActiveCfg = Release|Any CPU
		{62A03CD6-356A-491F-A0A5-781C7649DA1C}.Release|Any CPU.Build.0 = Release|Any CPU
		{62A03CD6-356A-491F-A0A5-781C7649DA1C}.Release|Mixed Platforms.ActiveCfg = Release|Any CPU
		{62A03CD6-356A-491F-A0A5-781C7649DA1C}.Release|Mixed Platforms.Build.0 = Release|Any CPU
		{62A03CD6-356A-491F-A0A5-781C7649DA1C}.Release|Win32.ActiveCfg = Release|Any CPU
		{62A03CD6-356A-491F-A0A5-781C7649DA1C}.Release|Win32.Build.0 = Release|Any CPU
		{62A03CD6-356A-491F-A0A5-781C7649DA1C}.Release|x64.ActiveCfg = Release|Any CPU
		{62A03CD6-356A-491F-A0A5-781C7649DA1C}.Release|x64.Build.0 = Release|Any CPU
		{62A03CD6-356A-491F-A0A5-781C7649DA1C}.Release|x86.ActiveCfg = Release|Any CPU
		{62A03CD6-356A-491F-A0A5-781C7649DA1C}.Release|x86.Build.0 = Release|Any CPU
		{C789A79B-3500-489B-A13B-3C075B658CE2}.Debug|Any CPU.ActiveCfg = Debug|Any CPU
		{C789A79B-3500-489B-A13B-3C075B658CE2}.Debug|Any CPU.Build.0 = Debug|Any CPU
		{C789A79B-3500-489B-A13B-3C075B658CE2}.Debug|Mixed Platforms.ActiveCfg = Debug|Any CPU
		{C789A79B-3500-489B-A13B-3C075B658CE2}.Debug|Mixed Platforms.Build.0 = Debug|Any CPU
		{C789A79B-3500-489B-A13B-3C075B658CE2}.Debug|Win32.ActiveCfg = Debug|Any CPU
		{C789A79B-3500-489B-A13B-3C075B658CE2}.Debug|Win32.Build.0 = Debug|Any CPU
		{C789A79B-3500-489B-A13B-3C075B658CE2}.Debug|x64.ActiveCfg = Debug|Any CPU
		{C789A79B-3500-489B-A13B-3C075B658CE2}.Debug|x64.Build.0 = Debug|Any CPU
		{C789A79B-3500-489B-A13B-3C075B658CE2}.Debug|x86.ActiveCfg = Debug|Any CPU
		{C789A79B-3500-489B-A13B-3C075B658CE2}.Debug|x86.Build.0 = Debug|Any CPU
		{C789A79B-3500-489B-A13B-3C075B658CE2}.Release|Any CPU.ActiveCfg = Release|Any CPU
		{C789A79B-3500-489B-A13B-3C075B658CE2}.Release|Any CPU.Build.0 = Release|Any CPU
		{C789A79B-3500-489B-A13B-3C075B658CE2}.Release|Mixed Platforms.ActiveCfg = Release|Any CPU
		{C789A79B-3500-489B-A13B-3C075B658CE2}.Release|Mixed Platforms.Build.0 = Release|Any CPU
		{C789A79B-3500-489B-A13B-3C075B658CE2}.Release|Win32.ActiveCfg = Release|Any CPU
		{C789A79B-3500-489B-A13B-3C075B658CE2}.Release|Win32.Build.0 = Release|Any CPU
		{C789A79B-3500-489B-A13B-3C075B658CE2}.Release|x64.ActiveCfg = Release|Any CPU
		{C789A79B-3500-489B-A13B-3C075B658CE2}.Release|x64.Build.0 = Release|Any CPU
		{C789A79B-3500-489B-A13B-3C075B658CE2}.Release|x86.ActiveCfg = Release|Any CPU
		{C789A79B-3500-489B-A13B-3C075B658CE2}.Release|x86.Build.0 = Release|Any CPU
		{67E7117F-1F42-4B2C-B2F9-7457C04F1240}.Debug|Any CPU.ActiveCfg = Debug|Win32
		{67E7117F-1F42-4B2C-B2F9-7457C04F1240}.Debug|Mixed Platforms.ActiveCfg = Debug|x64
		{67E7117F-1F42-4B2C-B2F9-7457C04F1240}.Debug|Mixed Platforms.Build.0 = Debug|x64
		{67E7117F-1F42-4B2C-B2F9-7457C04F1240}.Debug|Win32.ActiveCfg = Debug|Win32
		{67E7117F-1F42-4B2C-B2F9-7457C04F1240}.Debug|Win32.Build.0 = Debug|Win32
		{67E7117F-1F42-4B2C-B2F9-7457C04F1240}.Debug|x64.ActiveCfg = Debug|x64
		{67E7117F-1F42-4B2C-B2F9-7457C04F1240}.Debug|x64.Build.0 = Debug|x64
		{67E7117F-1F42-4B2C-B2F9-7457C04F1240}.Debug|x86.ActiveCfg = Debug|Win32
		{67E7117F-1F42-4B2C-B2F9-7457C04F1240}.Debug|x86.Build.0 = Debug|Win32
		{67E7117F-1F42-4B2C-B2F9-7457C04F1240}.Release|Any CPU.ActiveCfg = Release|Win32
		{67E7117F-1F42-4B2C-B2F9-7457C04F1240}.Release|Mixed Platforms.ActiveCfg = Release|x64
		{67E7117F-1F42-4B2C-B2F9-7457C04F1240}.Release|Mixed Platforms.Build.0 = Release|x64
		{67E7117F-1F42-4B2C-B2F9-7457C04F1240}.Release|Win32.ActiveCfg = Release|Win32
		{67E7117F-1F42-4B2C-B2F9-7457C04F1240}.Release|Win32.Build.0 = Release|Win32
		{67E7117F-1F42-4B2C-B2F9-7457C04F1240}.Release|x64.ActiveCfg = Release|x64
		{67E7117F-1F42-4B2C-B2F9-7457C04F1240}.Release|x64.Build.0 = Release|x64
		{67E7117F-1F42-4B2C-B2F9-7457C04F1240}.Release|x86.ActiveCfg = Release|Win32
		{67E7117F-1F42-4B2C-B2F9-7457C04F1240}.Release|x86.Build.0 = Release|Win32
		{66F49B5E-B754-44F8-97DE-80CDE1CD9A23}.Debug|Any CPU.ActiveCfg = Debug|Any CPU
		{66F49B5E-B754-44F8-97DE-80CDE1CD9A23}.Debug|Any CPU.Build.0 = Debug|Any CPU
		{66F49B5E-B754-44F8-97DE-80CDE1CD9A23}.Debug|Mixed Platforms.ActiveCfg = Debug|Any CPU
		{66F49B5E-B754-44F8-97DE-80CDE1CD9A23}.Debug|Mixed Platforms.Build.0 = Debug|Any CPU
		{66F49B5E-B754-44F8-97DE-80CDE1CD9A23}.Debug|Win32.ActiveCfg = Debug|Any CPU
		{66F49B5E-B754-44F8-97DE-80CDE1CD9A23}.Debug|Win32.Build.0 = Debug|Any CPU
		{66F49B5E-B754-44F8-97DE-80CDE1CD9A23}.Debug|x64.ActiveCfg = Debug|Any CPU
		{66F49B5E-B754-44F8-97DE-80CDE1CD9A23}.Debug|x64.Build.0 = Debug|Any CPU
		{66F49B5E-B754-44F8-97DE-80CDE1CD9A23}.Debug|x86.ActiveCfg = Debug|Any CPU
		{66F49B5E-B754-44F8-97DE-80CDE1CD9A23}.Debug|x86.Build.0 = Debug|Any CPU
		{66F49B5E-B754-44F8-97DE-80CDE1CD9A23}.Release|Any CPU.ActiveCfg = Release|Any CPU
		{66F49B5E-B754-44F8-97DE-80CDE1CD9A23}.Release|Any CPU.Build.0 = Release|Any CPU
		{66F49B5E-B754-44F8-97DE-80CDE1CD9A23}.Release|Mixed Platforms.ActiveCfg = Release|Any CPU
		{66F49B5E-B754-44F8-97DE-80CDE1CD9A23}.Release|Mixed Platforms.Build.0 = Release|Any CPU
		{66F49B5E-B754-44F8-97DE-80CDE1CD9A23}.Release|Win32.ActiveCfg = Release|Any CPU
		{66F49B5E-B754-44F8-97DE-80CDE1CD9A23}.Release|Win32.Build.0 = Release|Any CPU
		{66F49B5E-B754-44F8-97DE-80CDE1CD9A23}.Release|x64.ActiveCfg = Release|Any CPU
		{66F49B5E-B754-44F8-97DE-80CDE1CD9A23}.Release|x64.Build.0 = Release|Any CPU
		{66F49B5E-B754-44F8-97DE-80CDE1CD9A23}.Release|x86.ActiveCfg = Release|Any CPU
		{66F49B5E-B754-44F8-97DE-80CDE1CD9A23}.Release|x86.Build.0 = Release|Any CPU
		{3E914BA5-74D4-4487-82DA-FFD7F7929363}.Debug|Any CPU.ActiveCfg = Debug|Any CPU
		{3E914BA5-74D4-4487-82DA-FFD7F7929363}.Debug|Any CPU.Build.0 = Debug|Any CPU
		{3E914BA5-74D4-4487-82DA-FFD7F7929363}.Debug|Mixed Platforms.ActiveCfg = Debug|Any CPU
		{3E914BA5-74D4-4487-82DA-FFD7F7929363}.Debug|Mixed Platforms.Build.0 = Debug|Any CPU
		{3E914BA5-74D4-4487-82DA-FFD7F7929363}.Debug|Win32.ActiveCfg = Debug|Any CPU
		{3E914BA5-74D4-4487-82DA-FFD7F7929363}.Debug|Win32.Build.0 = Debug|Any CPU
		{3E914BA5-74D4-4487-82DA-FFD7F7929363}.Debug|x64.ActiveCfg = Debug|Any CPU
		{3E914BA5-74D4-4487-82DA-FFD7F7929363}.Debug|x64.Build.0 = Debug|Any CPU
		{3E914BA5-74D4-4487-82DA-FFD7F7929363}.Debug|x86.ActiveCfg = Debug|Any CPU
		{3E914BA5-74D4-4487-82DA-FFD7F7929363}.Debug|x86.Build.0 = Debug|Any CPU
		{3E914BA5-74D4-4487-82DA-FFD7F7929363}.Release|Any CPU.ActiveCfg = Release|Any CPU
		{3E914BA5-74D4-4487-82DA-FFD7F7929363}.Release|Any CPU.Build.0 = Release|Any CPU
		{3E914BA5-74D4-4487-82DA-FFD7F7929363}.Release|Mixed Platforms.ActiveCfg = Release|Any CPU
		{3E914BA5-74D4-4487-82DA-FFD7F7929363}.Release|Mixed Platforms.Build.0 = Release|Any CPU
		{3E914BA5-74D4-4487-82DA-FFD7F7929363}.Release|Win32.ActiveCfg = Release|Any CPU
		{3E914BA5-74D4-4487-82DA-FFD7F7929363}.Release|Win32.Build.0 = Release|Any CPU
		{3E914BA5-74D4-4487-82DA-FFD7F7929363}.Release|x64.ActiveCfg = Release|Any CPU
		{3E914BA5-74D4-4487-82DA-FFD7F7929363}.Release|x64.Build.0 = Release|Any CPU
		{3E914BA5-74D4-4487-82DA-FFD7F7929363}.Release|x86.ActiveCfg = Release|Any CPU
		{3E914BA5-74D4-4487-82DA-FFD7F7929363}.Release|x86.Build.0 = Release|Any CPU
		{F849E505-2687-4D1E-9790-034A31340688}.Debug|Any CPU.ActiveCfg = Debug|Any CPU
		{F849E505-2687-4D1E-9790-034A31340688}.Debug|Any CPU.Build.0 = Debug|Any CPU
		{F849E505-2687-4D1E-9790-034A31340688}.Debug|Mixed Platforms.ActiveCfg = Debug|Any CPU
		{F849E505-2687-4D1E-9790-034A31340688}.Debug|Mixed Platforms.Build.0 = Debug|Any CPU
		{F849E505-2687-4D1E-9790-034A31340688}.Debug|Win32.ActiveCfg = Debug|Any CPU
		{F849E505-2687-4D1E-9790-034A31340688}.Debug|Win32.Build.0 = Debug|Any CPU
		{F849E505-2687-4D1E-9790-034A31340688}.Debug|x64.ActiveCfg = Debug|Any CPU
		{F849E505-2687-4D1E-9790-034A31340688}.Debug|x64.Build.0 = Debug|Any CPU
		{F849E505-2687-4D1E-9790-034A31340688}.Debug|x86.ActiveCfg = Debug|Any CPU
		{F849E505-2687-4D1E-9790-034A31340688}.Debug|x86.Build.0 = Debug|Any CPU
		{F849E505-2687-4D1E-9790-034A31340688}.Release|Any CPU.ActiveCfg = Release|Any CPU
		{F849E505-2687-4D1E-9790-034A31340688}.Release|Any CPU.Build.0 = Release|Any CPU
		{F849E505-2687-4D1E-9790-034A31340688}.Release|Mixed Platforms.ActiveCfg = Release|Any CPU
		{F849E505-2687-4D1E-9790-034A31340688}.Release|Mixed Platforms.Build.0 = Release|Any CPU
		{F849E505-2687-4D1E-9790-034A31340688}.Release|Win32.ActiveCfg = Release|Any CPU
		{F849E505-2687-4D1E-9790-034A31340688}.Release|Win32.Build.0 = Release|Any CPU
		{F849E505-2687-4D1E-9790-034A31340688}.Release|x64.ActiveCfg = Release|Any CPU
		{F849E505-2687-4D1E-9790-034A31340688}.Release|x64.Build.0 = Release|Any CPU
		{F849E505-2687-4D1E-9790-034A31340688}.Release|x86.ActiveCfg = Release|Any CPU
		{F849E505-2687-4D1E-9790-034A31340688}.Release|x86.Build.0 = Release|Any CPU
		{FF5B12FA-22AD-47AA-8A33-9B27A883904F}.Debug|Any CPU.ActiveCfg = Debug|Win32
		{FF5B12FA-22AD-47AA-8A33-9B27A883904F}.Debug|Mixed Platforms.ActiveCfg = Debug|x64
		{FF5B12FA-22AD-47AA-8A33-9B27A883904F}.Debug|Mixed Platforms.Build.0 = Debug|x64
		{FF5B12FA-22AD-47AA-8A33-9B27A883904F}.Debug|Win32.ActiveCfg = Debug|Win32
		{FF5B12FA-22AD-47AA-8A33-9B27A883904F}.Debug|Win32.Build.0 = Debug|Win32
		{FF5B12FA-22AD-47AA-8A33-9B27A883904F}.Debug|x64.ActiveCfg = Debug|x64
		{FF5B12FA-22AD-47AA-8A33-9B27A883904F}.Debug|x64.Build.0 = Debug|x64
		{FF5B12FA-22AD-47AA-8A33-9B27A883904F}.Debug|x86.ActiveCfg = Debug|Win32
		{FF5B12FA-22AD-47AA-8A33-9B27A883904F}.Debug|x86.Build.0 = Debug|Win32
		{FF5B12FA-22AD-47AA-8A33-9B27A883904F}.Release|Any CPU.ActiveCfg = Release|Win32
		{FF5B12FA-22AD-47AA-8A33-9B27A883904F}.Release|Mixed Platforms.ActiveCfg = Release|x64
		{FF5B12FA-22AD-47AA-8A33-9B27A883904F}.Release|Mixed Platforms.Build.0 = Release|x64
		{FF5B12FA-22AD-47AA-8A33-9B27A883904F}.Release|Win32.ActiveCfg = Release|Win32
		{FF5B12FA-22AD-47AA-8A33-9B27A883904F}.Release|Win32.Build.0 = Release|Win32
		{FF5B12FA-22AD-47AA-8A33-9B27A883904F}.Release|x64.ActiveCfg = Release|x64
		{FF5B12FA-22AD-47AA-8A33-9B27A883904F}.Release|x64.Build.0 = Release|x64
		{FF5B12FA-22AD-47AA-8A33-9B27A883904F}.Release|x86.ActiveCfg = Release|Win32
		{FF5B12FA-22AD-47AA-8A33-9B27A883904F}.Release|x86.Build.0 = Release|Win32
		{F2DA37EE-A147-4A33-9CFC-4E72649259F0}.Debug|Any CPU.ActiveCfg = Debug|Win32
		{F2DA37EE-A147-4A33-9CFC-4E72649259F0}.Debug|Mixed Platforms.ActiveCfg = Debug|x64
		{F2DA37EE-A147-4A33-9CFC-4E72649259F0}.Debug|Mixed Platforms.Build.0 = Debug|x64
		{F2DA37EE-A147-4A33-9CFC-4E72649259F0}.Debug|Win32.ActiveCfg = Debug|Win32
		{F2DA37EE-A147-4A33-9CFC-4E72649259F0}.Debug|Win32.Build.0 = Debug|Win32
		{F2DA37EE-A147-4A33-9CFC-4E72649259F0}.Debug|x64.ActiveCfg = Debug|x64
		{F2DA37EE-A147-4A33-9CFC-4E72649259F0}.Debug|x64.Build.0 = Debug|x64
		{F2DA37EE-A147-4A33-9CFC-4E72649259F0}.Debug|x86.ActiveCfg = Debug|Win32
		{F2DA37EE-A147-4A33-9CFC-4E72649259F0}.Debug|x86.Build.0 = Debug|Win32
		{F2DA37EE-A147-4A33-9CFC-4E72649259F0}.Release|Any CPU.ActiveCfg = Release|Win32
		{F2DA37EE-A147-4A33-9CFC-4E72649259F0}.Release|Mixed Platforms.ActiveCfg = Release|x64
		{F2DA37EE-A147-4A33-9CFC-4E72649259F0}.Release|Mixed Platforms.Build.0 = Release|x64
		{F2DA37EE-A147-4A33-9CFC-4E72649259F0}.Release|Win32.ActiveCfg = Release|Win32
		{F2DA37EE-A147-4A33-9CFC-4E72649259F0}.Release|Win32.Build.0 = Release|Win32
		{F2DA37EE-A147-4A33-9CFC-4E72649259F0}.Release|x64.ActiveCfg = Release|x64
		{F2DA37EE-A147-4A33-9CFC-4E72649259F0}.Release|x64.Build.0 = Release|x64
		{F2DA37EE-A147-4A33-9CFC-4E72649259F0}.Release|x86.ActiveCfg = Release|Win32
		{F2DA37EE-A147-4A33-9CFC-4E72649259F0}.Release|x86.Build.0 = Release|Win32
		{89DCB118-E440-4565-A103-69FE6EAF2B68}.Debug|Any CPU.ActiveCfg = Debug|Any CPU
		{89DCB118-E440-4565-A103-69FE6EAF2B68}.Debug|Any CPU.Build.0 = Debug|Any CPU
		{89DCB118-E440-4565-A103-69FE6EAF2B68}.Debug|Mixed Platforms.ActiveCfg = Debug|Any CPU
		{89DCB118-E440-4565-A103-69FE6EAF2B68}.Debug|Mixed Platforms.Build.0 = Debug|Any CPU
		{89DCB118-E440-4565-A103-69FE6EAF2B68}.Debug|Win32.ActiveCfg = Debug|Any CPU
		{89DCB118-E440-4565-A103-69FE6EAF2B68}.Debug|Win32.Build.0 = Debug|Any CPU
		{89DCB118-E440-4565-A103-69FE6EAF2B68}.Debug|x64.ActiveCfg = Debug|Any CPU
		{89DCB118-E440-4565-A103-69FE6EAF2B68}.Debug|x64.Build.0 = Debug|Any CPU
		{89DCB118-E440-4565-A103-69FE6EAF2B68}.Debug|x86.ActiveCfg = Debug|Any CPU
		{89DCB118-E440-4565-A103-69FE6EAF2B68}.Debug|x86.Build.0 = Debug|Any CPU
		{89DCB118-E440-4565-A103-69FE6EAF2B68}.Release|Any CPU.ActiveCfg = Release|Any CPU
		{89DCB118-E440-4565-A103-69FE6EAF2B68}.Release|Any CPU.Build.0 = Release|Any CPU
		{89DCB118-E440-4565-A103-69FE6EAF2B68}.Release|Mixed Platforms.ActiveCfg = Release|Any CPU
		{89DCB118-E440-4565-A103-69FE6EAF2B68}.Release|Mixed Platforms.Build.0 = Release|Any CPU
		{89DCB118-E440-4565-A103-69FE6EAF2B68}.Release|Win32.ActiveCfg = Release|Any CPU
		{89DCB118-E440-4565-A103-69FE6EAF2B68}.Release|Win32.Build.0 = Release|Any CPU
		{89DCB118-E440-4565-A103-69FE6EAF2B68}.Release|x64.ActiveCfg = Release|Any CPU
		{89DCB118-E440-4565-A103-69FE6EAF2B68}.Release|x64.Build.0 = Release|Any CPU
		{89DCB118-E440-4565-A103-69FE6EAF2B68}.Release|x86.ActiveCfg = Release|Any CPU
		{89DCB118-E440-4565-A103-69FE6EAF2B68}.Release|x86.Build.0 = Release|Any CPU
		{24C3DAD2-BD6B-4ECC-96EE-049B6A4CEF55}.Debug|Any CPU.ActiveCfg = Debug|Win32
		{24C3DAD2-BD6B-4ECC-96EE-049B6A4CEF55}.Debug|Mixed Platforms.ActiveCfg = Debug|x64
		{24C3DAD2-BD6B-4ECC-96EE-049B6A4CEF55}.Debug|Mixed Platforms.Build.0 = Debug|x64
		{24C3DAD2-BD6B-4ECC-96EE-049B6A4CEF55}.Debug|Win32.ActiveCfg = Debug|Win32
		{24C3DAD2-BD6B-4ECC-96EE-049B6A4CEF55}.Debug|Win32.Build.0 = Debug|Win32
		{24C3DAD2-BD6B-4ECC-96EE-049B6A4CEF55}.Debug|x64.ActiveCfg = Debug|x64
		{24C3DAD2-BD6B-4ECC-96EE-049B6A4CEF55}.Debug|x64.Build.0 = Debug|x64
		{24C3DAD2-BD6B-4ECC-96EE-049B6A4CEF55}.Debug|x86.ActiveCfg = Debug|Win32
		{24C3DAD2-BD6B-4ECC-96EE-049B6A4CEF55}.Debug|x86.Build.0 = Debug|Win32
		{24C3DAD2-BD6B-4ECC-96EE-049B6A4CEF55}.Release|Any CPU.ActiveCfg = Release|Win32
		{24C3DAD2-BD6B-4ECC-96EE-049B6A4CEF55}.Release|Mixed Platforms.ActiveCfg = Release|x64
		{24C3DAD2-BD6B-4ECC-96EE-049B6A4CEF55}.Release|Mixed Platforms.Build.0 = Release|x64
		{24C3DAD2-BD6B-4ECC-96EE-049B6A4CEF55}.Release|Win32.ActiveCfg = Release|Win32
		{24C3DAD2-BD6B-4ECC-96EE-049B6A4CEF55}.Release|Win32.Build.0 = Release|Win32
		{24C3DAD2-BD6B-4ECC-96EE-049B6A4CEF55}.Release|x64.ActiveCfg = Release|x64
		{24C3DAD2-BD6B-4ECC-96EE-049B6A4CEF55}.Release|x64.Build.0 = Release|x64
		{24C3DAD2-BD6B-4ECC-96EE-049B6A4CEF55}.Release|x86.ActiveCfg = Release|Win32
		{24C3DAD2-BD6B-4ECC-96EE-049B6A4CEF55}.Release|x86.Build.0 = Release|Win32
		{BF2FB9A8-E29B-48DC-98EE-9362319BF3E1}.Debug|Any CPU.ActiveCfg = Debug|Win32
		{BF2FB9A8-E29B-48DC-98EE-9362319BF3E1}.Debug|Mixed Platforms.ActiveCfg = Debug|x64
		{BF2FB9A8-E29B-48DC-98EE-9362319BF3E1}.Debug|Mixed Platforms.Build.0 = Debug|x64
		{BF2FB9A8-E29B-48DC-98EE-9362319BF3E1}.Debug|Win32.ActiveCfg = Debug|Win32
		{BF2FB9A8-E29B-48DC-98EE-9362319BF3E1}.Debug|Win32.Build.0 = Debug|Win32
		{BF2FB9A8-E29B-48DC-98EE-9362319BF3E1}.Debug|x64.ActiveCfg = Debug|x64
		{BF2FB9A8-E29B-48DC-98EE-9362319BF3E1}.Debug|x64.Build.0 = Debug|x64
		{BF2FB9A8-E29B-48DC-98EE-9362319BF3E1}.Debug|x86.ActiveCfg = Debug|Win32
		{BF2FB9A8-E29B-48DC-98EE-9362319BF3E1}.Debug|x86.Build.0 = Debug|Win32
		{BF2FB9A8-E29B-48DC-98EE-9362319BF3E1}.Release|Any CPU.ActiveCfg = Release|Win32
		{BF2FB9A8-E29B-48DC-98EE-9362319BF3E1}.Release|Mixed Platforms.ActiveCfg = Release|x64
		{BF2FB9A8-E29B-48DC-98EE-9362319BF3E1}.Release|Mixed Platforms.Build.0 = Release|x64
		{BF2FB9A8-E29B-48DC-98EE-9362319BF3E1}.Release|Win32.ActiveCfg = Release|Win32
		{BF2FB9A8-E29B-48DC-98EE-9362319BF3E1}.Release|Win32.Build.0 = Release|Win32
		{BF2FB9A8-E29B-48DC-98EE-9362319BF3E1}.Release|x64.ActiveCfg = Release|x64
		{BF2FB9A8-E29B-48DC-98EE-9362319BF3E1}.Release|x64.Build.0 = Release|x64
		{BF2FB9A8-E29B-48DC-98EE-9362319BF3E1}.Release|x86.ActiveCfg = Release|Win32
		{BF2FB9A8-E29B-48DC-98EE-9362319BF3E1}.Release|x86.Build.0 = Release|Win32
		{5F265440-93C2-454C-A3DD-19A027FD0C48}.Debug|Any CPU.ActiveCfg = Debug|Any CPU
		{5F265440-93C2-454C-A3DD-19A027FD0C48}.Debug|Any CPU.Build.0 = Debug|Any CPU
		{5F265440-93C2-454C-A3DD-19A027FD0C48}.Debug|Mixed Platforms.ActiveCfg = Debug|Any CPU
		{5F265440-93C2-454C-A3DD-19A027FD0C48}.Debug|Mixed Platforms.Build.0 = Debug|Any CPU
		{5F265440-93C2-454C-A3DD-19A027FD0C48}.Debug|Win32.ActiveCfg = Debug|Any CPU
		{5F265440-93C2-454C-A3DD-19A027FD0C48}.Debug|Win32.Build.0 = Debug|Any CPU
		{5F265440-93C2-454C-A3DD-19A027FD0C48}.Debug|x64.ActiveCfg = Debug|Any CPU
		{5F265440-93C2-454C-A3DD-19A027FD0C48}.Debug|x64.Build.0 = Debug|Any CPU
		{5F265440-93C2-454C-A3DD-19A027FD0C48}.Debug|x86.ActiveCfg = Debug|Any CPU
		{5F265440-93C2-454C-A3DD-19A027FD0C48}.Debug|x86.Build.0 = Debug|Any CPU
		{5F265440-93C2-454C-A3DD-19A027FD0C48}.Release|Any CPU.ActiveCfg = Release|Any CPU
		{5F265440-93C2-454C-A3DD-19A027FD0C48}.Release|Any CPU.Build.0 = Release|Any CPU
		{5F265440-93C2-454C-A3DD-19A027FD0C48}.Release|Mixed Platforms.ActiveCfg = Release|Any CPU
		{5F265440-93C2-454C-A3DD-19A027FD0C48}.Release|Mixed Platforms.Build.0 = Release|Any CPU
		{5F265440-93C2-454C-A3DD-19A027FD0C48}.Release|Win32.ActiveCfg = Release|Any CPU
		{5F265440-93C2-454C-A3DD-19A027FD0C48}.Release|Win32.Build.0 = Release|Any CPU
		{5F265440-93C2-454C-A3DD-19A027FD0C48}.Release|x64.ActiveCfg = Release|Any CPU
		{5F265440-93C2-454C-A3DD-19A027FD0C48}.Release|x64.Build.0 = Release|Any CPU
		{5F265440-93C2-454C-A3DD-19A027FD0C48}.Release|x86.ActiveCfg = Release|Any CPU
		{5F265440-93C2-454C-A3DD-19A027FD0C48}.Release|x86.Build.0 = Release|Any CPU
	EndGlobalSection
	GlobalSection(SolutionProperties) = preSolution
		HideSolutionNode = FALSE
	EndGlobalSection
	GlobalSection(NestedProjects) = preSolution
		{B0F20499-A7AA-48B3-A8CE-EBB504C55BEB} = {17397585-296A-4800-A29D-8F8DD53E9202}
		{809FD8BD-33D9-49B4-9644-0285A672CB76} = {17397585-296A-4800-A29D-8F8DD53E9202}
		{0EEFBC3F-4DFD-42F6-888E-1A28F4EFEFE3} = {B0F20499-A7AA-48B3-A8CE-EBB504C55BEB}
		{56387F00-81DB-4449-93DD-7B8C4B44A725} = {B0F20499-A7AA-48B3-A8CE-EBB504C55BEB}
		{3E914BA5-74D4-4487-82DA-FFD7F7929363} = {B0F20499-A7AA-48B3-A8CE-EBB504C55BEB}
		{FF5B12FA-22AD-47AA-8A33-9B27A883904F} = {E8A74196-15C9-4AD3-B25F-4B4F1BE342A4}
		{BF2FB9A8-E29B-48DC-98EE-9362319BF3E1} = {E8A74196-15C9-4AD3-B25F-4B4F1BE342A4}
		{62A03CD6-356A-491F-A0A5-781C7649DA1C} = {9251E6A0-BA2A-4620-B232-65E671B770E2}
		{C789A79B-3500-489B-A13B-3C075B658CE2} = {9251E6A0-BA2A-4620-B232-65E671B770E2}
		{F849E505-2687-4D1E-9790-034A31340688} = {9251E6A0-BA2A-4620-B232-65E671B770E2}
		{67E7117F-1F42-4B2C-B2F9-7457C04F1240} = {809FD8BD-33D9-49B4-9644-0285A672CB76}
		{66F49B5E-B754-44F8-97DE-80CDE1CD9A23} = {310421A9-046B-4B3D-88AE-0FDD9813EAF2}
		{F2DA37EE-A147-4A33-9CFC-4E72649259F0} = {261D9DA5-DCB5-4BD0-A5B9-3C51A6E00087}
		{89DCB118-E440-4565-A103-69FE6EAF2B68} = {261D9DA5-DCB5-4BD0-A5B9-3C51A6E00087}
		{24C3DAD2-BD6B-4ECC-96EE-049B6A4CEF55} = {08267E76-790C-46E0-88C4-E5D0ACE74302}
		{5F265440-93C2-454C-A3DD-19A027FD0C48} = {71DC20C4-B3F2-4356-8342-13478676195C}
	EndGlobalSection
EndGlobal
